
Microsoft Visual Studio Solution File, Format Version 12.00
# Visual Studio Version 16
VisualStudioVersion = 16.0.35229.62
MinimumVisualStudioVersion = 10.0.40219.1
Project("{FAE04EC0-301F-11D3-BF4B-00C04F79EFBC}") = "OnlineLeaveApplication", "OnlineLeaveApplication\OnlineLeaveApplication.csproj", "{956B69C2-62CF-4182-952D-F34C960DD1DC}"
EndProject
Global
	GlobalSection(SolutionConfigurationPlatforms) = preSolution
		Debug|Any CPU = Debug|Any CPU
		Release|Any CPU = Release|Any CPU
	EndGlobalSection
	GlobalSection(ProjectConfigurationPlatforms) = postSolution
		{956B69C2-62CF-4182-952D-F34C960DD1DC}.Debug|Any CPU.ActiveCfg = Debug|Any CPU
		{956B69C2-62CF-4182-952D-F34C960DD1DC}.Debug|Any CPU.Build.0 = Debug|Any CPU
		{956B69C2-62CF-4182-952D-F34C960DD1DC}.Release|Any CPU.ActiveCfg = Release|Any CPU
		{956B69C2-62CF-4182-952D-F34C960DD1DC}.Release|Any CPU.Build.0 = Release|Any CPU
	EndGlobalSection
	GlobalSection(SolutionProperties) = preSolution
		HideSolutionNode = FALSE
	EndGlobalSection
	GlobalSection(ExtensibilityGlobals) = postSolution
		SolutionGuid = {3832AC4C-9E3A-4E22-B114-EDD9DC19E393}
	EndGlobalSection
EndGlobal
